PODS:
  - Realm (2.8.0):
    - Realm/Headers (= 2.8.0)
  - Realm/Headers (2.8.0)
  - RealmBrowser (0.2.1):
    - RealmSwift
  - RealmSwift (2.8.0):
    - Realm (= 2.8.0)

DEPENDENCIES:
  - RealmBrowser (from `../`)

EXTERNAL SOURCES:
  RealmBrowser:
    :path: "../"

SPEC CHECKSUMS:
  Realm: 929243ad2b618b3232e70658bedc61110e7563f1
  RealmBrowser: 068e3abf73ca4270f5a396af1f00b1ccde16a0ba
  RealmSwift: 5b7079b891f2833d1849294161ba3e092bbda3f6

PODFILE CHECKSUM: 7fba4ebdc4225f946b6893a48feb5af1427dcbc8

COCOAPODS: 1.2.1
